{
  "name": "starbase-react",
  "version": "0.0.2",
  "lockfileVersion": 1,
  "dependencies": {
    "@storybook/addon-backgrounds": {
      "version": "3.0.0",
      "resolved": "https://registry.npmjs.org/@storybook/addon-backgrounds/-/addon-backgrounds-3.0.0.tgz",
      "integrity": "sha512-/W/pjwRbc7zLK/vUZxH8/ol0vmdWbsa+qCHAKcqMlXK8YW13cesRFNNA98yFlzJP7T0uJKzk7pbLnCVLKJR6Ag=="
    },
    "@storybook/addon-info": {
      "version": "3.2.9",
      "resolved": "https://registry.npmjs.org/@storybook/addon-info/-/addon-info-3.2.9.tgz",
      "integrity": "sha1-UNrKEtIW+DOIQwI/EwMM2Sq5eJ4=",
      "dev": true,
      "dependencies": {
        "prop-types": {
          "version": "15.5.10",
          "resolved": "https://registry.npmjs.org/prop-types/-/prop-types-15.5.10.tgz",
          "integrity": "sha1-J5ffwxJhguOpXj37suiT3ddFYVQ=",
          "dev": true
        }
      }
    },
    "@storybook/addon-knobs": {
      "version": "3.2.8",
      "resolved": "https://registry.npmjs.org/@storybook/addon-knobs/-/addon-knobs-3.2.8.tgz",
      "integrity": "sha1-60ghQJ5i8viG166TM7zJXksHFOs=",
      "dev": true,
      "dependencies": {
        "prop-types": {
          "version": "15.5.10",
          "resolved": "https://registry.npmjs.org/prop-types/-/prop-types-15.5.10.tgz",
          "integrity": "sha1-J5ffwxJhguOpXj37suiT3ddFYVQ=",
          "dev": true
        }
      }
    },
    "@storybook/addons": {
      "version": "3.2.6",
      "resolved": "https://registry.npmjs.org/@storybook/addons/-/addons-3.2.6.tgz",
      "integrity": "sha512-i/sHbvEeMnnnLiPeXmE/b0OaVH5IM4U8CsdTh44RGjQVCnKstPpEhjD+hzPlhKFQnAtk9+vUxphvCWBgy6VouA==",
      "dev": true
    },
    "@storybook/components": {
      "version": "3.2.7",
      "resolved": "https://registry.npmjs.org/@storybook/components/-/components-3.2.7.tgz",
      "integrity": "sha1-fUxyIYUSYOQja7s++CpklLI+Xsk=",
      "dev": true,
      "dependencies": {
        "prop-types": {
          "version": "15.5.10",
          "resolved": "https://registry.npmjs.org/prop-types/-/prop-types-15.5.10.tgz",
          "integrity": "sha1-J5ffwxJhguOpXj37suiT3ddFYVQ=",
          "dev": true
        }
      }
    },
    "@types/react": {
      "version": "16.0.5",
      "resolved": "https://registry.npmjs.org/@types/react/-/react-16.0.5.tgz",
      "integrity": "sha512-Wo/JT6Cpl7XuLA1Ov2M2Rso4Tep7rX6h1csbqhNDaSxqeY8nxUbrDkT6vJrKVu+7tw7vmJP9libZSReV9GsG9A==",
      "dev": true
    },
    "aphrodite": {
      "version": "1.2.3",
      "resolved": "https://registry.npmjs.org/aphrodite/-/aphrodite-1.2.3.tgz",
      "integrity": "sha512-Ae36tHlTjRcqrKi24cBq81epOx/JyeR0IOM6h2278bYa833WcXkILjdXgg+aFDmYuCMUPr7+TG7xi92kZipkbQ==",
      "dev": true
    },
    "asap": {
      "version": "2.0.6",
      "resolved": "https://registry.npmjs.org/asap/-/asap-2.0.6.tgz",
      "integrity": "sha1-5QNHYR1+aQlDIIu9r+vLwvuGbUY="
    },
    "babel-runtime": {
      "version": "6.26.0",
      "resolved": "https://registry.npmjs.org/babel-runtime/-/babel-runtime-6.26.0.tgz",
      "integrity": "sha1-llxwWGaOgrVde/4E/yM3vItWR/4=",
      "dev": true,
      "dependencies": {
        "core-js": {
          "version": "2.5.0",
          "resolved": "https://registry.npmjs.org/core-js/-/core-js-2.5.0.tgz",
          "integrity": "sha1-VpwFCRi+ZIazg3VSAorgRmtxcIY=",
          "dev": true
        }
      }
    },
    "babel-standalone": {
      "version": "6.26.0",
      "resolved": "https://registry.npmjs.org/babel-standalone/-/babel-standalone-6.26.0.tgz",
      "integrity": "sha1-Ffs9NfLEVmlYFevx7Zb+fwFbaIY=",
      "dev": true
    },
    "base64-js": {
      "version": "1.2.1",
      "resolved": "https://registry.npmjs.org/base64-js/-/base64-js-1.2.1.tgz",
      "integrity": "sha512-dwVUVIXsBZXwTuwnXI9RK8sBmgq09NDHzyR9SAph9eqk76gKK2JSQmZARC2zRC81JC2QTtxD0ARU5qTS25gIGw=="
    },
    "bowser": {
      "version": "1.7.2",
      "resolved": "https://registry.npmjs.org/bowser/-/bowser-1.7.2.tgz",
      "integrity": "sha1-uUzGklumteB8QhpY5gHORhEmRXI=",
      "dev": true
    },
    "brcast": {
      "version": "3.0.1",
      "resolved": "https://registry.npmjs.org/brcast/-/brcast-3.0.1.tgz",
      "integrity": "sha512-eI3yqf9YEqyGl9PCNTR46MGvDylGtaHjalcz6Q3fAPnP/PhpKkkve52vFdfGpwp4VUvK6LUr4TQN+2stCrEwTg==",
      "dev": true
    },
    "buffer": {
      "version": "5.0.7",
      "resolved": "https://registry.npmjs.org/buffer/-/buffer-5.0.7.tgz",
      "integrity": "sha512-NeeHXWh5pCbPQCt2/6rLvXqapZfVsqw/YgRgaHpT3H9Uzgs+S0lSg5SQzouIuDvcmlQRqBe8hOO2scKCu3cxrg=="
    },
    "change-emitter": {
      "version": "0.1.6",
      "resolved": "https://registry.npmjs.org/change-emitter/-/change-emitter-0.1.6.tgz",
      "integrity": "sha1-6LL+PX8at9aaMhma/5HqaTFAlRU="
    },
    "core-js": {
      "version": "1.2.7",
      "resolved": "https://registry.npmjs.org/core-js/-/core-js-1.2.7.tgz",
      "integrity": "sha1-ZSKUwUZR2yj6k70tX/KYOk8IxjY="
    },
    "create-react-class": {
      "version": "15.6.0",
      "resolved": "https://registry.npmjs.org/create-react-class/-/create-react-class-15.6.0.tgz",
      "integrity": "sha1-q0SEl8JlZuHilBPogyB9V8/nvtQ="
    },
    "css-color-keywords": {
      "version": "1.0.0",
      "resolved": "https://registry.npmjs.org/css-color-keywords/-/css-color-keywords-1.0.0.tgz",
      "integrity": "sha1-/qJhbcZ2spYmhrOvjb2+GAskTgU="
    },
    "css-in-js-utils": {
      "version": "1.0.3",
      "resolved": "https://registry.npmjs.org/css-in-js-utils/-/css-in-js-utils-1.0.3.tgz",
      "integrity": "sha1-msfgL3Y8+F2UAXZmVl7WiltfMhU=",
      "dev": true
    },
    "css-to-react-native": {
      "version": "2.0.4",
      "resolved": "https://registry.npmjs.org/css-to-react-native/-/css-to-react-native-2.0.4.tgz",
      "integrity": "sha1-z0zEB1WLNHTUuovhos07bOcTEBs="
    },
    "deep-equal": {
      "version": "1.0.1",
      "resolved": "https://registry.npmjs.org/deep-equal/-/deep-equal-1.0.1.tgz",
      "integrity": "sha1-9dJgKStmDghO/0zbyfCK0yR0SLU=",
      "dev": true
    },
    "dom-walk": {
      "version": "0.1.1",
      "resolved": "https://registry.npmjs.org/dom-walk/-/dom-walk-0.1.1.tgz",
      "integrity": "sha1-ZyIm3HTI95mtNTB9+TaroRrNYBg=",
      "dev": true
    },
    "encoding": {
      "version": "0.1.12",
      "resolved": "https://registry.npmjs.org/encoding/-/encoding-0.1.12.tgz",
      "integrity": "sha1-U4tm8+5izRq1HsMjgp0flIDHS+s="
    },
    "fast-memoize": {
      "version": "2.2.8",
      "resolved": "https://registry.npmjs.org/fast-memoize/-/fast-memoize-2.2.8.tgz",
      "integrity": "sha512-3ppTC3fZ9Vwtjslx8DkhSIbI9PH1nM4pobuTHQINOxTxchG8n3SDGZ8L6jbatGJCGLKR+gbkNWKFN4E1iUROSA==",
      "dev": true
    },
    "fbjs": {
      "version": "0.8.14",
      "resolved": "https://registry.npmjs.org/fbjs/-/fbjs-0.8.14.tgz",
      "integrity": "sha1-0dviviVMNakeCfMfnNUKQLKg7Rw="
    },
    "glamor": {
      "version": "2.20.40",
      "resolved": "https://registry.npmjs.org/glamor/-/glamor-2.20.40.tgz",
      "integrity": "sha512-DNXCd+c14N9QF8aAKrfl4xakPk5FdcFwmH7sD0qnC0Pr7xoZ5W9yovhUrY/dJc3psfGGXC58vqQyRtuskyUJxA==",
      "dev": true,
      "dependencies": {
        "prop-types": {
          "version": "15.5.10",
          "resolved": "https://registry.npmjs.org/prop-types/-/prop-types-15.5.10.tgz",
          "integrity": "sha1-J5ffwxJhguOpXj37suiT3ddFYVQ=",
          "dev": true
        }
      }
    },
    "glamorous": {
      "version": "4.5.0",
      "resolved": "https://registry.npmjs.org/glamorous/-/glamorous-4.5.0.tgz",
      "integrity": "sha512-pgihDtju6zxSqMq2Ov34FQzHMFPtfb10evzWvgtR16JVgIjacbKwxZzbtFqkoI4Q0/towqum897PqOSDJsw6cQ==",
      "dev": true
    },
    "global": {
      "version": "4.3.2",
      "resolved": "https://registry.npmjs.org/global/-/global-4.3.2.tgz",
      "integrity": "sha1-52mJJopsdMOJCLEwWxD8DjlOnQ8=",
      "dev": true
    },
    "has-flag": {
      "version": "1.0.0",
      "resolved": "https://registry.npmjs.org/has-flag/-/has-flag-1.0.0.tgz",
      "integrity": "sha1-nZ55MWXOAXoA8AQYxD+UKnsdEfo="
    },
    "he": {
      "version": "1.1.1",
      "resolved": "https://registry.npmjs.org/he/-/he-1.1.1.tgz",
      "integrity": "sha1-k0EP0hsAlzUVH4howvJx80J+I/0=",
      "dev": true
    },
    "hoist-non-react-statics": {
      "version": "1.2.0",
      "resolved": "https://registry.npmjs.org/hoist-non-react-statics/-/hoist-non-react-statics-1.2.0.tgz",
      "integrity": "sha1-qkSM8JhtVcxAdzsXF0t90GbLfPs="
    },
    "html-element-attributes": {
      "version": "1.3.0",
      "resolved": "https://registry.npmjs.org/html-element-attributes/-/html-element-attributes-1.3.0.tgz",
      "integrity": "sha1-8G69/OIt6XnbggICZcrFQfsX1Pw=",
      "dev": true
    },
    "html-tag-names": {
      "version": "1.1.2",
      "resolved": "https://registry.npmjs.org/html-tag-names/-/html-tag-names-1.1.2.tgz",
      "integrity": "sha1-9lFolkxanIJnXv2ogoddyyqHXCI=",
      "dev": true
    },
    "hyphenate-style-name": {
      "version": "1.0.2",
      "resolved": "https://registry.npmjs.org/hyphenate-style-name/-/hyphenate-style-name-1.0.2.tgz",
      "integrity": "sha1-MRYKNpMK2vH8BMYHT360FGXU7Es=",
      "dev": true
    },
    "iconv-lite": {
      "version": "0.4.18",
      "resolved": "https://registry.npmjs.org/iconv-lite/-/iconv-lite-0.4.18.tgz",
      "integrity": "sha512-sr1ZQph3UwHTR0XftSbK85OvBbxe/abLGzEnPENCQwmHf7sck8Oyu4ob3LgBxWWxRoM+QszeUyl7jbqapu2TqA=="
    },
    "ieee754": {
      "version": "1.1.8",
      "resolved": "https://registry.npmjs.org/ieee754/-/ieee754-1.1.8.tgz",
      "integrity": "sha1-vjPUCsEO8ZJnAfbwii2G+/0a0+Q="
    },
    "inline-style-prefixer": {
      "version": "3.0.7",
      "resolved": "https://registry.npmjs.org/inline-style-prefixer/-/inline-style-prefixer-3.0.7.tgz",
      "integrity": "sha1-DMyS5ZAv5uDSjZdcQlhEP4gGFfg=",
      "dev": true
    },
    "insert-css": {
      "version": "1.1.0",
      "resolved": "https://registry.npmjs.org/insert-css/-/insert-css-1.1.0.tgz",
      "integrity": "sha1-Sj96Png4dzgbuEcaZFLR0nMV254=",
      "dev": true
    },
    "is-function": {
      "version": "1.0.1",
      "resolved": "https://registry.npmjs.org/is-function/-/is-function-1.0.1.tgz",
      "integrity": "sha1-Es+5i2W1fdPRk6MSH19uL0N2ArU="
    },
    "is-plain-object": {
      "version": "2.0.4",
      "resolved": "https://registry.npmjs.org/is-plain-object/-/is-plain-object-2.0.4.tgz",
      "integrity": "sha512-h5PpgXkWitc38BBMYawTYMWJHFZJVnBquFE57xFpjB8pJFiF6gZ+bU+WyI/yqXiFR5mdLsgYNaPe8uao6Uv9Og=="
    },
    "is-stream": {
      "version": "1.1.0",
      "resolved": "https://registry.npmjs.org/is-stream/-/is-stream-1.1.0.tgz",
      "integrity": "sha1-EtSj3U5o4Lec6428hBc66A2RykQ="
    },
    "isobject": {
      "version": "3.0.1",
      "resolved": "https://registry.npmjs.org/isobject/-/isobject-3.0.1.tgz",
      "integrity": "sha1-TkMekrEalzFjaqH5yNHMvP2reN8="
    },
    "isomorphic-fetch": {
      "version": "2.2.1",
      "resolved": "https://registry.npmjs.org/isomorphic-fetch/-/isomorphic-fetch-2.2.1.tgz",
      "integrity": "sha1-YRrhrPFPXoH3KVB0coGf6XM1WKk=",
      "dependencies": {
        "whatwg-fetch": {
          "version": "2.0.3",
          "resolved": "https://registry.npmjs.org/whatwg-fetch/-/whatwg-fetch-2.0.3.tgz",
          "integrity": "sha1-nITsLc9oGH/wC8ZOEnS0QhduHIQ=",
          "dev": true
        }
      }
    },
    "js-tokens": {
      "version": "3.0.2",
      "resolved": "https://registry.npmjs.org/js-tokens/-/js-tokens-3.0.2.tgz",
      "integrity": "sha1-mGbfOVECEw449/mWvOtlRDIJwls="
    },
    "lodash": {
      "version": "4.17.4",
      "resolved": "https://registry.npmjs.org/lodash/-/lodash-4.17.4.tgz",
      "integrity": "sha1-eCA6TRwyiuHYbcpkYONptX9AVa4=",
      "dev": true
    },
    "lodash.debounce": {
      "version": "4.0.8",
      "resolved": "https://registry.npmjs.org/lodash.debounce/-/lodash.debounce-4.0.8.tgz",
      "integrity": "sha1-gteb/zCmfEAF/9XiUVMArZyk168=",
      "dev": true
    },
    "loose-envify": {
      "version": "1.3.1",
      "resolved": "https://registry.npmjs.org/loose-envify/-/loose-envify-1.3.1.tgz",
      "integrity": "sha1-0aitM/qc4OcT1l/dCsi3SNR4yEg="
    },
    "marked": {
      "version": "0.3.6",
      "resolved": "https://registry.npmjs.org/marked/-/marked-0.3.6.tgz",
      "integrity": "sha1-ssbGGPzOzk74bE/Gy4p8v1rtqNc=",
      "dev": true
    },
    "marksy": {
      "version": "2.0.1",
      "resolved": "https://registry.npmjs.org/marksy/-/marksy-2.0.1.tgz",
      "integrity": "sha1-AZ65wT/zcSDOTd3rd3SroVK11+A=",
      "dev": true
    },
    "material-colors": {
      "version": "1.2.5",
      "resolved": "https://registry.npmjs.org/material-colors/-/material-colors-1.2.5.tgz",
      "integrity": "sha1-UpJZPmdUyxvMK5gDDk4Najr8nqE=",
      "dev": true
    },
    "min-document": {
      "version": "2.19.0",
      "resolved": "https://registry.npmjs.org/min-document/-/min-document-2.19.0.tgz",
      "integrity": "sha1-e9KC4/WELtKVu3SM3Z8f+iyCRoU=",
      "dev": true
    },
    "moment": {
      "version": "2.18.1",
      "resolved": "https://registry.npmjs.org/moment/-/moment-2.18.1.tgz",
      "integrity": "sha1-w2GT3Tzhwu7SrbfIAtu8d6gbHA8=",
      "dev": true
    },
    "node-fetch": {
      "version": "1.7.2",
      "resolved": "https://registry.npmjs.org/node-fetch/-/node-fetch-1.7.2.tgz",
      "integrity": "sha512-xZZUq2yDhKMIn/UgG5q//IZSNLJIwW2QxS14CNH5spuiXkITM2pUitjdq58yLSaU7m4M0wBNaM2Gh/ggY4YJig=="
    },
    "object-assign": {
      "version": "4.1.1",
      "resolved": "https://registry.npmjs.org/object-assign/-/object-assign-4.1.1.tgz",
      "integrity": "sha1-IQmtx5ZYh8/AXLvUQsrIv7s2CGM="
    },
    "postcss-value-parser": {
      "version": "3.3.0",
      "resolved": "https://registry.npmjs.org/postcss-value-parser/-/postcss-value-parser-3.3.0.tgz",
      "integrity": "sha1-h/OPnxj3dKSrTIojL1xc6IcqnRU="
    },
    "process": {
      "version": "0.5.2",
      "resolved": "https://registry.npmjs.org/process/-/process-0.5.2.tgz",
      "integrity": "sha1-FjjYqONML0QKkduVq5rrZ3/Bhc8=",
      "dev": true
    },
    "promise": {
      "version": "7.3.1",
      "resolved": "https://registry.npmjs.org/promise/-/promise-7.3.1.tgz",
      "integrity": "sha512-nolQXZ/4L+bP/UGlkfaIujX9BKxGwmQ9OT4mOt5yvy8iK1h3wqTEJCijzGANTCCl9nWjY41juyAn2K3Q1hLLTg=="
    },
    "react-addons-create-fragment": {
      "version": "15.6.0",
      "resolved": "https://registry.npmjs.org/react-addons-create-fragment/-/react-addons-create-fragment-15.6.0.tgz",
      "integrity": "sha1-r5GiKx+wld0B8a+6Q7/Q71idiyA=",
      "dev": true
    },
    "react-color": {
      "version": "2.13.5",
      "resolved": "https://registry.npmjs.org/react-color/-/react-color-2.13.5.tgz",
      "integrity": "sha512-YR6fH/lLa3/eR1c+OhfXEFdGq2yX812UqOrRY4iiEF/9znwekg4mbn8FoUVgxX2vob6PPRcv0wO85SbU3qtsGg==",
      "dev": true
    },
    "react-css-loaders": {
      "version": "0.0.5",
      "resolved": "https://registry.npmjs.org/react-css-loaders/-/react-css-loaders-0.0.5.tgz",
      "integrity": "sha1-vgOVsQ+1zhJ0iXO0TNkNajxEBOM=",
      "dependencies": {
        "prop-types": {
          "version": "15.5.10",
          "resolved": "https://registry.npmjs.org/prop-types/-/prop-types-15.5.10.tgz",
          "integrity": "sha1-J5ffwxJhguOpXj37suiT3ddFYVQ="
        },
        "react": {
          "version": "15.6.1",
          "resolved": "https://registry.npmjs.org/react/-/react-15.6.1.tgz",
          "integrity": "sha1-uqhDTsZ4C96ZfNw4C3nNM7ljk98="
        },
        "react-dom": {
          "version": "15.6.1",
          "resolved": "https://registry.npmjs.org/react-dom/-/react-dom-15.6.1.tgz",
          "integrity": "sha1-LLDtQZEDjlPCCes6eaI+Kkz5lHA="
        }
      }
    },
    "react-datetime": {
      "version": "2.10.1",
      "resolved": "https://registry.npmjs.org/react-datetime/-/react-datetime-2.10.1.tgz",
      "integrity": "sha512-Q/xI/Zys8JoRfJfYxANL2Kee4bJLpDXEGKeCCOPucidsXGegefY/NWa4mnKXiZH2fe+qargIe+/drHn7cCbLLQ==",
      "dev": true,
      "dependencies": {
        "object-assign": {
          "version": "3.0.0",
          "resolved": "https://registry.npmjs.org/object-assign/-/object-assign-3.0.0.tgz",
          "integrity": "sha1-m+3VygiXlJvKR+f/QIBi1Un1h/I=",
          "dev": true
        },
        "prop-types": {
          "version": "15.5.10",
          "resolved": "https://registry.npmjs.org/prop-types/-/prop-types-15.5.10.tgz",
          "integrity": "sha1-J5ffwxJhguOpXj37suiT3ddFYVQ=",
          "dev": true
        }
      }
    },
    "react-html-attributes": {
      "version": "1.4.1",
      "resolved": "https://registry.npmjs.org/react-html-attributes/-/react-html-attributes-1.4.1.tgz",
      "integrity": "sha1-l7XscQ2miDNZjIvm+JrENiFoQKU=",
      "dev": true
    },
    "react-onclickoutside": {
      "version": "5.11.1",
      "resolved": "https://registry.npmjs.org/react-onclickoutside/-/react-onclickoutside-5.11.1.tgz",
      "integrity": "sha1-ADFOUlZ89V+rqUyrus0RlhkHBiM=",
      "dev": true
    },
    "react-textarea-autosize": {
      "version": "4.3.2",
      "resolved": "https://registry.npmjs.org/react-textarea-autosize/-/react-textarea-autosize-4.3.2.tgz",
      "integrity": "sha1-lipSxoys6uQIwYrOzsKQSbgeQvo=",
      "dev": true,
      "dependencies": {
        "prop-types": {
          "version": "15.5.10",
          "resolved": "https://registry.npmjs.org/prop-types/-/prop-types-15.5.10.tgz",
          "integrity": "sha1-J5ffwxJhguOpXj37suiT3ddFYVQ=",
          "dev": true
        }
      }
    },
    "reactcss": {
      "version": "1.2.2",
      "resolved": "https://registry.npmjs.org/reactcss/-/reactcss-1.2.2.tgz",
      "integrity": "sha1-QbDvQ+AdVIgDV8NLEawVMSCTUO8=",
      "dev": true
    },
    "recompose": {
      "version": "0.25.0",
      "resolved": "https://registry.npmjs.org/recompose/-/recompose-0.25.0.tgz",
      "integrity": "sha512-Zu/z+R643WzK2qzfL+jT1aHH3sCCuUiFJHqepXtaa5lT37u99tdqrKsxhYs4e7OhzHusZCgA6TN7CWBGXhO7NA=="
    },
    "regenerator-runtime": {
      "version": "0.11.0",
      "resolved": "https://registry.npmjs.org/regenerator-runtime/-/regenerator-runtime-0.11.0.tgz",
      "integrity": "sha512-/aA0kLeRb5N9K0d4fw7ooEbI+xDe+DKD499EQqygGqeS8N3xto15p09uY2xj7ixP81sNPXvRLnAQIqdVStgb1A==",
      "dev": true
    },
    "setimmediate": {
      "version": "1.0.5",
      "resolved": "https://registry.npmjs.org/setimmediate/-/setimmediate-1.0.5.tgz",
      "integrity": "sha1-KQy7Iy4waULX1+qbg3Mqt4VvgoU="
    },
    "storybook-addon-specifications": {
      "version": "2.1.1",
      "resolved": "https://registry.npmjs.org/storybook-addon-specifications/-/storybook-addon-specifications-2.1.1.tgz",
      "integrity": "sha1-r11piYhs/yJSxyAXtlH3dNmP9x0=",
      "dev": true
    },
    "string-hash": {
      "version": "1.1.3",
      "resolved": "https://registry.npmjs.org/string-hash/-/string-hash-1.1.3.tgz",
      "integrity": "sha1-6Kr8CsGFW0Zmkp7X3RJ1311sgRs=",
      "dev": true
    },
    "styled-components": {
      "version": "2.1.2",
      "resolved": "https://registry.npmjs.org/styled-components/-/styled-components-2.1.2.tgz",
      "integrity": "sha512-PuEOMaCmtdWE7zaswiXAGN3GzWe3FWd3dJgyXMsOXIqyViKeVu1yHSxRsSkoWRg+l07qs9KJh8gk8udCZl5NmQ==",
      "dependencies": {
        "prop-types": {
          "version": "15.5.10",
          "resolved": "https://registry.npmjs.org/prop-types/-/prop-types-15.5.10.tgz",
          "integrity": "sha1-J5ffwxJhguOpXj37suiT3ddFYVQ="
        }
      }
    },
    "stylis": {
      "version": "3.2.14",
      "resolved": "https://registry.npmjs.org/stylis/-/stylis-3.2.14.tgz",
      "integrity": "sha1-MHAOBQe3qATAPX4sKNjuhlaX+1A="
    },
    "supports-color": {
      "version": "3.2.3",
      "resolved": "https://registry.npmjs.org/supports-color/-/supports-color-3.2.3.tgz",
      "integrity": "sha1-ZawFBLOVQXHYpklGsq48u4pfVPY="
    },
    "svg-tag-names": {
      "version": "1.1.1",
      "resolved": "https://registry.npmjs.org/svg-tag-names/-/svg-tag-names-1.1.1.tgz",
      "integrity": "sha1-lkGynvcQJe4JTHBD983efZn71Qo=",
      "dev": true
    },
    "symbol-observable": {
      "version": "1.0.4",
      "resolved": "https://registry.npmjs.org/symbol-observable/-/symbol-observable-1.0.4.tgz",
      "integrity": "sha1-Kb9hXUqnEhvdiYsi1LP5vE4qoD0="
    },
    "through": {
      "version": "2.3.8",
      "resolved": "https://registry.npmjs.org/through/-/through-2.3.8.tgz",
      "integrity": "sha1-DdTJ/6q8NXlgsbckEV1+Doai4fU=",
      "dev": true
    },
    "tinycolor2": {
      "version": "1.4.1",
      "resolved": "https://registry.npmjs.org/tinycolor2/-/tinycolor2-1.4.1.tgz",
      "integrity": "sha1-9PrTM0R7wLB9TcjpIJ2POaisd+g=",
      "dev": true
    },
    "ua-parser-js": {
      "version": "0.7.14",
      "resolved": "https://registry.npmjs.org/ua-parser-js/-/ua-parser-js-0.7.14.tgz",
      "integrity": "sha1-EQ1T+kw/MmwSEpK76skE0uAzh8o="
    },
    "util-deprecate": {
      "version": "1.0.2",
      "resolved": "https://registry.npmjs.org/util-deprecate/-/util-deprecate-1.0.2.tgz",
      "integrity": "sha1-RQ1Nyfpw3nMnYvvS1KKJgUGaDM8=",
      "dev": true
    }
  }
}
